// !$*UTF8*$!
{
	archiveVersion = 1;
	classes = {
	};
	objectVersion = 55;
	objects = {

/* Begin PBXBuildFile section */
		715A1784281DFD5700628A09 /* AppDelegate.swift in Sources */ = {isa = PBXBuildFile; fileRef = 715A1783281DFD5700628A09 /* AppDelegate.swift */; };
		715A1786281DFD5700628A09 /* SceneDelegate.swift in Sources */ = {isa = PBXBuildFile; fileRef = 715A1785281DFD5700628A09 /* SceneDelegate.swift */; };
		715A178D281DFD5900628A09 /* Assets.xcassets in Resources */ = {isa = PBXBuildFile; fileRef = 715A178C281DFD5900628A09 /* Assets.xcassets */; };
		715A1798281DFDC800628A09 /* ContentView.swift in Sources */ = {isa = PBXBuildFile; fileRef = 715A1797281DFDC800628A09 /* ContentView.swift */; };
		715A179D281DFF3D00628A09 /* brand.json in Resources */ = {isa = PBXBuildFile; fileRef = 715A1799281DFF3D00628A09 /* brand.json */; };
		715A179E281DFF3D00628A09 /* product.json in Resources */ = {isa = PBXBuildFile; fileRef = 715A179A281DFF3D00628A09 /* product.json */; };
		715A179F281DFF3D00628A09 /* category.json in Resources */ = {isa = PBXBuildFile; fileRef = 715A179B281DFF3D00628A09 /* category.json */; };
		715A17A0281DFF3D00628A09 /* player.json in Resources */ = {isa = PBXBuildFile; fileRef = 715A179C281DFF3D00628A09 /* player.json */; };
		715A17AB281E009F00628A09 /* Constants.swift in Sources */ = {isa = PBXBuildFile; fileRef = 715A17AA281E009F00628A09 /* Constants.swift */; };
		715A17AD281E015500628A09 /* FooterView.swift in Sources */ = {isa = PBXBuildFile; fileRef = 715A17AC281E015500628A09 /* FooterView.swift */; };
		715A17B0281E3A4B00628A09 /* NavigationBarView.swift in Sources */ = {isa = PBXBuildFile; fileRef = 715A17AF281E3A4B00628A09 /* NavigationBarView.swift */; };
		715A17B2281E3BEB00628A09 /* LogoView.swift in Sources */ = {isa = PBXBuildFile; fileRef = 715A17B1281E3BEB00628A09 /* LogoView.swift */; };
		715A17B4281E450200628A09 /* Player.swift in Sources */ = {isa = PBXBuildFile; fileRef = 715A17B3281E450200628A09 /* Player.swift */; };
		715A17B6281E458800628A09 /* BundleExtension.swift in Sources */ = {isa = PBXBuildFile; fileRef = 715A17B5281E458800628A09 /* BundleExtension.swift */; };
		715A17B8281E459F00628A09 /* PlayerItemView.swift in Sources */ = {isa = PBXBuildFile; fileRef = 715A17B7281E459F00628A09 /* PlayerItemView.swift */; };
		715A17BB281E4DC000628A09 /* PageControl.swift in Sources */ = {isa = PBXBuildFile; fileRef = 715A17BA281E4DC000628A09 /* PageControl.swift */; };
		715A17BD281E4DF900628A09 /* PageView.swift in Sources */ = {isa = PBXBuildFile; fileRef = 715A17BC281E4DF800628A09 /* PageView.swift */; };
		715A17BF281E4E4F00628A09 /* PageViewController.swift in Sources */ = {isa = PBXBuildFile; fileRef = 715A17BE281E4E4F00628A09 /* PageViewController.swift */; };
		715A17C1281E54B100628A09 /* FeaturedTabView.swift in Sources */ = {isa = PBXBuildFile; fileRef = 715A17C0281E54B100628A09 /* FeaturedTabView.swift */; };
/* End PBXBuildFile section */

/* Begin PBXFileReference section */
		715A1780281DFD5700628A09 /* TouchDown.app */ = {isa = PBXFileReference; explicitFileType = wrapper.application; includeInIndex = 0; path = TouchDown.app; sourceTree = BUILT_PRODUCTS_DIR; };
		715A1783281DFD5700628A09 /* AppDelegate.swift */ = {isa = PBXFileReference; lastKnownFileType = sourcecode.swift; path = AppDelegate.swift; sourceTree = "<group>"; };
		715A1785281DFD5700628A09 /* SceneDelegate.swift */ = {isa = PBXFileReference; lastKnownFileType = sourcecode.swift; path = SceneDelegate.swift; sourceTree = "<group>"; };
		715A178C281DFD5900628A09 /* Assets.xcassets */ = {isa = PBXFileReference; lastKnownFileType = folder.assetcatalog; path = Assets.xcassets; sourceTree = "<group>"; };
		715A1791281DFD5900628A09 /* Info.plist */ = {isa = PBXFileReference; lastKnownFileType = text.plist.xml; path = Info.plist; sourceTree = "<group>"; };
		715A1797281DFDC800628A09 /* ContentView.swift */ = {isa = PBXFileReference; lastKnownFileType = sourcecode.swift; path = ContentView.swift; sourceTree = "<group>"; };
		715A1799281DFF3D00628A09 /* brand.json */ = {isa = PBXFileReference; fileEncoding = 4; lastKnownFileType = text.json; path = brand.json; sourceTree = "<group>"; };
		715A179A281DFF3D00628A09 /* product.json */ = {isa = PBXFileReference; fileEncoding = 4; lastKnownFileType = text.json; path = product.json; sourceTree = "<group>"; };
		715A179B281DFF3D00628A09 /* category.json */ = {isa = PBXFileReference; fileEncoding = 4; lastKnownFileType = text.json; path = category.json; sourceTree = "<group>"; };
		715A179C281DFF3D00628A09 /* player.json */ = {isa = PBXFileReference; fileEncoding = 4; lastKnownFileType = text.json; path = player.json; sourceTree = "<group>"; };
		715A17AA281E009F00628A09 /* Constants.swift */ = {isa = PBXFileReference; lastKnownFileType = sourcecode.swift; path = Constants.swift; sourceTree = "<group>"; };
		715A17AC281E015500628A09 /* FooterView.swift */ = {isa = PBXFileReference; lastKnownFileType = sourcecode.swift; path = FooterView.swift; sourceTree = "<group>"; };
		715A17AF281E3A4B00628A09 /* NavigationBarView.swift */ = {isa = PBXFileReference; lastKnownFileType = sourcecode.swift; path = NavigationBarView.swift; sourceTree = "<group>"; };
		715A17B1281E3BEB00628A09 /* LogoView.swift */ = {isa = PBXFileReference; lastKnownFileType = sourcecode.swift; path = LogoView.swift; sourceTree = "<group>"; };
		715A17B3281E450200628A09 /* Player.swift */ = {isa = PBXFileReference; lastKnownFileType = sourcecode.swift; path = Player.swift; sourceTree = "<group>"; };
		715A17B5281E458800628A09 /* BundleExtension.swift */ = {isa = PBXFileReference; lastKnownFileType = sourcecode.swift; path = BundleExtension.swift; sourceTree = "<group>"; };
		715A17B7281E459F00628A09 /* PlayerItemView.swift */ = {isa = PBXFileReference; lastKnownFileType = sourcecode.swift; path = PlayerItemView.swift; sourceTree = "<group>"; };
		715A17BA281E4DC000628A09 /* PageControl.swift */ = {isa = PBXFileReference; lastKnownFileType = sourcecode.swift; path = PageControl.swift; sourceTree = "<group>"; };
		715A17BC281E4DF800628A09 /* PageView.swift */ = {isa = PBXFileReference; lastKnownFileType = sourcecode.swift; path = PageView.swift; sourceTree = "<group>"; };
		715A17BE281E4E4F00628A09 /* PageViewController.swift */ = {isa = PBXFileReference; lastKnownFileType = sourcecode.swift; path = PageViewController.swift; sourceTree = "<group>"; };
		715A17C0281E54B100628A09 /* FeaturedTabView.swift */ = {isa = PBXFileReference; lastKnownFileType = sourcecode.swift; path = FeaturedTabView.swift; sourceTree = "<group>"; };
/* End PBXFileReference section */

/* Begin PBXFrameworksBuildPhase section */
		715A177D281DFD5700628A09 /* Frameworks */ = {
			isa = PBXFrameworksBuildPhase;
			buildActionMask = 2147483647;
			files = (
			);
			runOnlyForDeploymentPostprocessing = 0;
		};
/* End PBXFrameworksBuildPhase section */

/* Begin PBXGroup section */
		715A1777281DFD5600628A09 = {
			isa = PBXGroup;
			children = (
				715A1782281DFD5700628A09 /* TouchDown */,
				715A1781281DFD5700628A09 /* Products */,
			);
			sourceTree = "<group>";
		};
		715A1781281DFD5700628A09 /* Products */ = {
			isa = PBXGroup;
			children = (
				715A1780281DFD5700628A09 /* TouchDown.app */,
			);
			name = Products;
			sourceTree = "<group>";
		};
		715A1782281DFD5700628A09 /* TouchDown */ = {
			isa = PBXGroup;
			children = (
				715A17B9281E4DB100628A09 /* Helpers */,
				715A17A9281E008D00628A09 /* Utilities */,
				715A17A6281E007900628A09 /* View */,
				715A17A5281E006A00628A09 /* Extensions */,
				715A17A4281E006400628A09 /* Model */,
				715A17A1281DFF5D00628A09 /* Data */,
				715A17A2281E002200628A09 /* App */,
				715A17A3281E005900628A09 /* Resources */,
			);
			path = TouchDown;
			sourceTree = "<group>";
		};
		715A17A1281DFF5D00628A09 /* Data */ = {
			isa = PBXGroup;
			children = (
				715A1799281DFF3D00628A09 /* brand.json */,
				715A179B281DFF3D00628A09 /* category.json */,
				715A179C281DFF3D00628A09 /* player.json */,
				715A179A281DFF3D00628A09 /* product.json */,
			);
			path = Data;
			sourceTree = "<group>";
		};
		715A17A2281E002200628A09 /* App */ = {
			isa = PBXGroup;
			children = (
				715A1797281DFDC800628A09 /* ContentView.swift */,
			);
			path = App;
			sourceTree = "<group>";
		};
		715A17A3281E005900628A09 /* Resources */ = {
			isa = PBXGroup;
			children = (
				715A1783281DFD5700628A09 /* AppDelegate.swift */,
				715A1785281DFD5700628A09 /* SceneDelegate.swift */,
				715A178C281DFD5900628A09 /* Assets.xcassets */,
				715A1791281DFD5900628A09 /* Info.plist */,
			);
			path = Resources;
			sourceTree = "<group>";
		};
		715A17A4281E006400628A09 /* Model */ = {
			isa = PBXGroup;
			children = (
				715A17B3281E450200628A09 /* Player.swift */,
			);
			path = Model;
			sourceTree = "<group>";
		};
		715A17A5281E006A00628A09 /* Extensions */ = {
			isa = PBXGroup;
			children = (
				715A17B5281E458800628A09 /* BundleExtension.swift */,
			);
			path = Extensions;
			sourceTree = "<group>";
		};
		715A17A6281E007900628A09 /* View */ = {
			isa = PBXGroup;
			children = (
				715A17A8281E008100628A09 /* Details */,
				715A17A7281E007C00628A09 /* Home */,
			);
			path = View;
			sourceTree = "<group>";
		};
		715A17A7281E007C00628A09 /* Home */ = {
			isa = PBXGroup;
			children = (
				715A17AC281E015500628A09 /* FooterView.swift */,
				715A17AF281E3A4B00628A09 /* NavigationBarView.swift */,
				715A17B1281E3BEB00628A09 /* LogoView.swift */,
				715A17B7281E459F00628A09 /* PlayerItemView.swift */,
				715A17C0281E54B100628A09 /* FeaturedTabView.swift */,
			);
			path = Home;
			sourceTree = "<group>";
		};
		715A17A8281E008100628A09 /* Details */ = {
			isa = PBXGroup;
			children = (
			);
			path = Details;
			sourceTree = "<group>";
		};
		715A17A9281E008D00628A09 /* Utilities */ = {
			isa = PBXGroup;
			children = (
				715A17AA281E009F00628A09 /* Constants.swift */,
			);
			path = Utilities;
			sourceTree = "<group>";
		};
		715A17B9281E4DB100628A09 /* Helpers */ = {
			isa = PBXGroup;
			children = (
				715A17BA281E4DC000628A09 /* PageControl.swift */,
				715A17BC281E4DF800628A09 /* PageView.swift */,
				715A17BE281E4E4F00628A09 /* PageViewController.swift */,
			);
			path = Helpers;
			sourceTree = "<group>";
		};
/* End PBXGroup section */

/* Begin PBXNativeTarget section */
		715A177F281DFD5700628A09 /* TouchDown */ = {
			isa = PBXNativeTarget;
			buildConfigurationList = 715A1794281DFD5900628A09 /* Build configuration list for PBXNativeTarget "TouchDown" */;
			buildPhases = (
				715A177C281DFD5700628A09 /* Sources */,
				715A177D281DFD5700628A09 /* Frameworks */,
				715A177E281DFD5700628A09 /* Resources */,
			);
			buildRules = (
			);
			dependencies = (
			);
			name = TouchDown;
			productName = TouchDown;
			productReference = 715A1780281DFD5700628A09 /* TouchDown.app */;
			productType = "com.apple.product-type.application";
		};
/* End PBXNativeTarget section */

/* Begin PBXProject section */
		715A1778281DFD5600628A09 /* Project object */ = {
			isa = PBXProject;
			attributes = {
				BuildIndependentTargetsInParallel = 1;
				LastSwiftUpdateCheck = 1330;
				LastUpgradeCheck = 1330;
				TargetAttributes = {
					715A177F281DFD5700628A09 = {
						CreatedOnToolsVersion = 13.3;
					};
				};
			};
			buildConfigurationList = 715A177B281DFD5600628A09 /* Build configuration list for PBXProject "TouchDown" */;
			compatibilityVersion = "Xcode 13.0";
			developmentRegion = en;
			hasScannedForEncodings = 0;
			knownRegions = (
				en,
				Base,
			);
			mainGroup = 715A1777281DFD5600628A09;
			productRefGroup = 715A1781281DFD5700628A09 /* Products */;
			projectDirPath = "";
			projectRoot = "";
			targets = (
				715A177F281DFD5700628A09 /* TouchDown */,
			);
		};
/* End PBXProject section */

/* Begin PBXResourcesBuildPhase section */
		715A177E281DFD5700628A09 /* Resources */ = {
			isa = PBXResourcesBuildPhase;
			buildActionMask = 2147483647;
			files = (
				715A17A0281DFF3D00628A09 /* player.json in Resources */,
				715A179E281DFF3D00628A09 /* product.json in Resources */,
				715A179F281DFF3D00628A09 /* category.json in Resources */,
				715A178D281DFD5900628A09 /* Assets.xcassets in Resources */,
				715A179D281DFF3D00628A09 /* brand.json in Resources */,
			);
			runOnlyForDeploymentPostprocessing = 0;
		};
/* End PBXResourcesBuildPhase section */

/* Begin PBXSourcesBuildPhase section */
		715A177C281DFD5700628A09 /* Sources */ = {
			isa = PBXSourcesBuildPhase;
			buildActionMask = 2147483647;
			files = (
				715A1784281DFD5700628A09 /* AppDelegate.swift in Sources */,
				715A17BD281E4DF900628A09 /* PageView.swift in Sources */,
				715A1798281DFDC800628A09 /* ContentView.swift in Sources */,
				715A17B6281E458800628A09 /* BundleExtension.swift in Sources */,
				715A17B0281E3A4B00628A09 /* NavigationBarView.swift in Sources */,
				715A17B8281E459F00628A09 /* PlayerItemView.swift in Sources */,
				715A17C1281E54B100628A09 /* FeaturedTabView.swift in Sources */,
				715A1786281DFD5700628A09 /* SceneDelegate.swift in Sources */,
				715A17B4281E450200628A09 /* Player.swift in Sources */,
				715A17B2281E3BEB00628A09 /* LogoView.swift in Sources */,
				715A17BB281E4DC000628A09 /* PageControl.swift in Sources */,
				715A17BF281E4E4F00628A09 /* PageViewController.swift in Sources */,
				715A17AD281E015500628A09 /* FooterView.swift in Sources */,
				715A17AB281E009F00628A09 /* Constants.swift in Sources */,
			);
			runOnlyForDeploymentPostprocessing = 0;
		};
/* End PBXSourcesBuildPhase section */

/* Begin XCBuildConfiguration section */
		715A1792281DFD5900628A09 /* Debug */ = {
			isa = XCBuildConfiguration;
			buildSettings = {
				ALWAYS_SEARCH_USER_PATHS = NO;
				CLANG_ANALYZER_NONNULL = YES;
				CLANG_ANALYZER_NUMBER_OBJECT_CONVERSION = YES_AGGRESSIVE;
				CLANG_CXX_LANGUAGE_STANDARD = "gnu++17";
				CLANG_ENABLE_MODULES = YES;
				CLANG_ENABLE_OBJC_ARC = YES;
				CLANG_ENABLE_OBJC_WEAK = YES;
				CLANG_WARN_BLOCK_CAPTURE_AUTORELEASING = YES;
				CLANG_WARN_BOOL_CONVERSION = YES;
				CLANG_WARN_COMMA = YES;
				CLANG_WARN_CONSTANT_CONVERSION = YES;
				CLANG_WARN_DEPRECATED_OBJC_IMPLEMENTATIONS = YES;
				CLANG_WARN_DIRECT_OBJC_ISA_USAGE = YES_ERROR;
				CLANG_WARN_DOCUMENTATION_COMMENTS = YES;
				CLANG_WARN_EMPTY_BODY = YES;
				CLANG_WARN_ENUM_CONVERSION = YES;
				CLANG_WARN_INFINITE_RECURSION = YES;
				CLANG_WARN_INT_CONVERSION = YES;
				CLANG_WARN_NON_LITERAL_NULL_CONVERSION = YES;
				CLANG_WARN_OBJC_IMPLICIT_RETAIN_SELF = YES;
				CLANG_WARN_OBJC_LITERAL_CONVERSION = YES;
				CLANG_WARN_OBJC_ROOT_CLASS = YES_ERROR;
				CLANG_WARN_QUOTED_INCLUDE_IN_FRAMEWORK_HEADER = YES;
				CLANG_WARN_RANGE_LOOP_ANALYSIS = YES;
				CLANG_WARN_STRICT_PROTOTYPES = YES;
				CLANG_WARN_SUSPICIOUS_MOVE = YES;
				CLANG_WARN_UNGUARDED_AVAILABILITY = YES_AGGRESSIVE;
				CLANG_WARN_UNREACHABLE_CODE = YES;
				CLANG_WARN__DUPLICATE_METHOD_MATCH = YES;
				COPY_PHASE_STRIP = NO;
				DEBUG_INFORMATION_FORMAT = dwarf;
				ENABLE_STRICT_OBJC_MSGSEND = YES;
				ENABLE_TESTABILITY = YES;
				GCC_C_LANGUAGE_STANDARD = gnu11;
				GCC_DYNAMIC_NO_PIC = NO;
				GCC_NO_COMMON_BLOCKS = YES;
				GCC_OPTIMIZATION_LEVEL = 0;
				GCC_PREPROCESSOR_DEFINITIONS = (
					"DEBUG=1",
					"$(inherited)",
				);
				GCC_WARN_64_TO_32_BIT_CONVERSION = YES;
				GCC_WARN_ABOUT_RETURN_TYPE = YES_ERROR;
				GCC_WARN_UNDECLARED_SELECTOR = YES;
				GCC_WARN_UNINITIALIZED_AUTOS = YES_AGGRESSIVE;
				GCC_WARN_UNUSED_FUNCTION = YES;
				GCC_WARN_UNUSED_VARIABLE = YES;
				IPHONEOS_DEPLOYMENT_TARGET = 13.0;
				MTL_ENABLE_DEBUG_INFO = INCLUDE_SOURCE;
				MTL_FAST_MATH = YES;
				ONLY_ACTIVE_ARCH = YES;
				SDKROOT = iphoneos;
				SWIFT_ACTIVE_COMPILATION_CONDITIONS = DEBUG;
				SWIFT_OPTIMIZATION_LEVEL = "-Onone";
			};
			name = Debug;
		};
		715A1793281DFD5900628A09 /* Release */ = {
			isa = XCBuildConfiguration;
			buildSettings = {
				ALWAYS_SEARCH_USER_PATHS = NO;
				CLANG_ANALYZER_NONNULL = YES;
				CLANG_ANALYZER_NUMBER_OBJECT_CONVERSION = YES_AGGRESSIVE;
				CLANG_CXX_LANGUAGE_STANDARD = "gnu++17";
				CLANG_ENABLE_MODULES = YES;
				CLANG_ENABLE_OBJC_ARC = YES;
				CLANG_ENABLE_OBJC_WEAK = YES;
				CLANG_WARN_BLOCK_CAPTURE_AUTORELEASING = YES;
				CLANG_WARN_BOOL_CONVERSION = YES;
				CLANG_WARN_COMMA = YES;
				CLANG_WARN_CONSTANT_CONVERSION = YES;
				CLANG_WARN_DEPRECATED_OBJC_IMPLEMENTATIONS = YES;
				CLANG_WARN_DIRECT_OBJC_ISA_USAGE = YES_ERROR;
				CLANG_WARN_DOCUMENTATION_COMMENTS = YES;
				CLANG_WARN_EMPTY_BODY = YES;
				CLANG_WARN_ENUM_CONVERSION = YES;
				CLANG_WARN_INFINITE_RECURSION = YES;
				CLANG_WARN_INT_CONVERSION = YES;
				CLANG_WARN_NON_LITERAL_NULL_CONVERSION = YES;
				CLANG_WARN_OBJC_IMPLICIT_RETAIN_SELF = YES;
				CLANG_WARN_OBJC_LITERAL_CONVERSION = YES;
				CLANG_WARN_OBJC_ROOT_CLASS = YES_ERROR;
				CLANG_WARN_QUOTED_INCLUDE_IN_FRAMEWORK_HEADER = YES;
				CLANG_WARN_RANGE_LOOP_ANALYSIS = YES;
				CLANG_WARN_STRICT_PROTOTYPES = YES;
				CLANG_WARN_SUSPICIOUS_MOVE = YES;
				CLANG_WARN_UNGUARDED_AVAILABILITY = YES_AGGRESSIVE;
				CLANG_WARN_UNREACHABLE_CODE = YES;
				CLANG_WARN__DUPLICATE_METHOD_MATCH = YES;
				COPY_PHASE_STRIP = NO;
				DEBUG_INFORMATION_FORMAT = "dwarf-with-dsym";
				ENABLE_NS_ASSERTIONS = NO;
				ENABLE_STRICT_OBJC_MSGSEND = YES;
				GCC_C_LANGUAGE_STANDARD = gnu11;
				GCC_NO_COMMON_BLOCKS = YES;
				GCC_WARN_64_TO_32_BIT_CONVERSION = YES;
				GCC_WARN_ABOUT_RETURN_TYPE = YES_ERROR;
				GCC_WARN_UNDECLARED_SELECTOR = YES;
				GCC_WARN_UNINITIALIZED_AUTOS = YES_AGGRESSIVE;
				GCC_WARN_UNUSED_FUNCTION = YES;
				GCC_WARN_UNUSED_VARIABLE = YES;
				IPHONEOS_DEPLOYMENT_TARGET = 13.0;
				MTL_ENABLE_DEBUG_INFO = NO;
				MTL_FAST_MATH = YES;
				SDKROOT = iphoneos;
				SWIFT_COMPILATION_MODE = wholemodule;
				SWIFT_OPTIMIZATION_LEVEL = "-O";
				VALIDATE_PRODUCT = YES;
			};
			name = Release;
		};
		715A1795281DFD5900628A09 /* Debug */ = {
			isa = XCBuildConfiguration;
			buildSettings = {
				ASSETCATALOG_COMPILER_APPICON_NAME = AppIcon;
				ASSETCATALOG_COMPILER_GLOBAL_ACCENT_COLOR_NAME = AccentColor;
				CODE_SIGN_STYLE = Automatic;
				CURRENT_PROJECT_VERSION = 1;
				DEVELOPMENT_TEAM = 2AVBY9XRGK;
				GENERATE_INFOPLIST_FILE = YES;
				INFOPLIST_FILE = TouchDown/Resources/Info.plist;
				INFOPLIST_KEY_UIApplicationSupportsIndirectInputEvents = YES;
				INFOPLIST_KEY_UISupportedInterfaceOrientations = UIInterfaceOrientationPortrait;
				INFOPLIST_KEY_UISupportedInterfaceOrientations_iPad = "UIInterfaceOrientationPortrait UIInterfaceOrientationPortraitUpsideDown UIInterfaceOrientationLandscapeLeft UIInterfaceOrientationLandscapeRight";
				INFOPLIST_KEY_UISupportedInterfaceOrientations_iPhone = "UIInterfaceOrientationPortrait UIInterfaceOrientationLandscapeLeft UIInterfaceOrientationLandscapeRight";
				INFOPLIST_KEY_UIUserInterfaceStyle = Light;
				LD_RUNPATH_SEARCH_PATHS = (
					"$(inherited)",
					"@executable_path/Frameworks",
				);
				MARKETING_VERSION = 1.0;
				PRODUCT_BUNDLE_IDENTIFIER = zeyad.TouchDown;
				PRODUCT_NAME = "$(TARGET_NAME)";
				SWIFT_EMIT_LOC_STRINGS = YES;
				SWIFT_VERSION = 5.0;
				TARGETED_DEVICE_FAMILY = "1,2";
			};
			name = Debug;
		};
		715A1796281DFD5900628A09 /* Release */ = {
			isa = XCBuildConfiguration;
			buildSettings = {
				ASSETCATALOG_COMPILER_APPICON_NAME = AppIcon;
				ASSETCATALOG_COMPILER_GLOBAL_ACCENT_COLOR_NAME = AccentColor;
				CODE_SIGN_STYLE = Automatic;
				CURRENT_PROJECT_VERSION = 1;
				DEVELOPMENT_TEAM = 2AVBY9XRGK;
				GENERATE_INFOPLIST_FILE = YES;
				INFOPLIST_FILE = TouchDown/Resources/Info.plist;
				INFOPLIST_KEY_UIApplicationSupportsIndirectInputEvents = YES;
				INFOPLIST_KEY_UISupportedInterfaceOrientations = UIInterfaceOrientationPortrait;
				INFOPLIST_KEY_UISupportedInterfaceOrientations_iPad = "UIInterfaceOrientationPortrait UIInterfaceOrientationPortraitUpsideDown UIInterfaceOrientationLandscapeLeft UIInterfaceOrientationLandscapeRight";
				INFOPLIST_KEY_UISupportedInterfaceOrientations_iPhone = "UIInterfaceOrientationPortrait UIInterfaceOrientationLandscapeLeft UIInterfaceOrientationLandscapeRight";
				INFOPLIST_KEY_UIUserInterfaceStyle = Light;
				LD_RUNPATH_SEARCH_PATHS = (
					"$(inherited)",
					"@executable_path/Frameworks",
				);
				MARKETING_VERSION = 1.0;
				PRODUCT_BUNDLE_IDENTIFIER = zeyad.TouchDown;
				PRODUCT_NAME = "$(TARGET_NAME)";
				SWIFT_EMIT_LOC_STRINGS = YES;
				SWIFT_VERSION = 5.0;
				TARGETED_DEVICE_FAMILY = "1,2";
			};
			name = Release;
		};
/* End XCBuildConfiguration section */

/* Begin XCConfigurationList section */
		715A177B281DFD5600628A09 /* Build configuration list for PBXProject "TouchDown" */ = {
			isa = XCConfigurationList;
			buildConfigurations = (
				715A1792281DFD5900628A09 /* Debug */,
				715A1793281DFD5900628A09 /* Release */,
			);
			defaultConfigurationIsVisible = 0;
			defaultConfigurationName = Release;
		};
		715A1794281DFD5900628A09 /* Build configuration list for PBXNativeTarget "TouchDown" */ = {
			isa = XCConfigurationList;
			buildConfigurations = (
				715A1795281DFD5900628A09 /* Debug */,
				715A1796281DFD5900628A09 /* Release */,
			);
			defaultConfigurationIsVisible = 0;
			defaultConfigurationName = Release;
		};
/* End XCConfigurationList section */
	};
	rootObject = 715A1778281DFD5600628A09 /* Project object */;
}
